// !$*UTF8*$!
{
	archiveVersion = 1;
	classes = {
	};
	objectVersion = 77;
	objects = {

/* Begin PBXBuildFile section */
		845451142C6E4FF50046D64F /* DetailViewModel.swift in Sources */ = {isa = PBXBuildFile; fileRef = 845451132C6E4FEF0046D64F /* DetailViewModel.swift */; };
		845451162C6E5B200046D64F /* FavouriteViewModel.swift in Sources */ = {isa = PBXBuildFile; fileRef = 845451152C6E5B160046D64F /* FavouriteViewModel.swift */; };
		848E05D12C69AEC90009C9F9 /* Assets.xcassets in Resources */ = {isa = PBXBuildFile; fileRef = 848E05CA2C69AEC90009C9F9 /* Assets.xcassets */; };
		848E05D42C69AEC90009C9F9 /* AppDelegate.swift in Sources */ = {isa = PBXBuildFile; fileRef = 848E05C92C69AEC90009C9F9 /* AppDelegate.swift */; };
		848E05D52C69AEC90009C9F9 /* SceneDelegate.swift in Sources */ = {isa = PBXBuildFile; fileRef = 848E05CE2C69AEC90009C9F9 /* SceneDelegate.swift */; };
		848E05D62C69AEC90009C9F9 /* ViewController.swift in Sources */ = {isa = PBXBuildFile; fileRef = 848E05CF2C69AEC90009C9F9 /* ViewController.swift */; };
		848E05D72C69AEC90009C9F9 /* Base in Resources */ = {isa = PBXBuildFile; fileRef = 848E05CC2C69AEC90009C9F9 /* Base */; };
		848E05DA2C69AECD0009C9F9 /* MVVM_ArchitectureTests.swift in Sources */ = {isa = PBXBuildFile; fileRef = 848E05D82C69AECD0009C9F9 /* MVVM_ArchitectureTests.swift */; };
		848E05DE2C69AED00009C9F9 /* MVVM_ArchitectureUITests.swift in Sources */ = {isa = PBXBuildFile; fileRef = 848E05DB2C69AED00009C9F9 /* MVVM_ArchitectureUITests.swift */; };
		848E05DF2C69AED00009C9F9 /* MVVM_ArchitectureUITestsLaunchTests.swift in Sources */ = {isa = PBXBuildFile; fileRef = 848E05DC2C69AED00009C9F9 /* MVVM_ArchitectureUITestsLaunchTests.swift */; };
		848E05E22C69AF060009C9F9 /* PokemonDataModel.xcdatamodeld in Sources */ = {isa = PBXBuildFile; fileRef = 848E05E02C69AF060009C9F9 /* PokemonDataModel.xcdatamodeld */; };
		848E05EE2C69B0810009C9F9 /* ModelEntityMapProtocol.swift in Sources */ = {isa = PBXBuildFile; fileRef = 848E05ED2C69B0760009C9F9 /* ModelEntityMapProtocol.swift */; };
		848E05F02C69B09F0009C9F9 /* SpritesModel.swift in Sources */ = {isa = PBXBuildFile; fileRef = 848E05EF2C69B09D0009C9F9 /* SpritesModel.swift */; };
		848E05F22C69B0B30009C9F9 /* PokemonDetailModel.swift in Sources */ = {isa = PBXBuildFile; fileRef = 848E05F12C69B0B10009C9F9 /* PokemonDetailModel.swift */; };
		848E05F42C69B0CF0009C9F9 /* PokemonListModel.swift in Sources */ = {isa = PBXBuildFile; fileRef = 848E05F32C69B0CE0009C9F9 /* PokemonListModel.swift */; };
		848E05F62C69B0E90009C9F9 /* FavouriteStorageService.swift in Sources */ = {isa = PBXBuildFile; fileRef = 848E05F52C69B0E80009C9F9 /* FavouriteStorageService.swift */; };
		848E05F82C69B0FD0009C9F9 /* DetailStorageService.swift in Sources */ = {isa = PBXBuildFile; fileRef = 848E05F72C69B0FB0009C9F9 /* DetailStorageService.swift */; };
		848E05FA2C69B1120009C9F9 /* DetailApiService.swift in Sources */ = {isa = PBXBuildFile; fileRef = 848E05F92C69B1110009C9F9 /* DetailApiService.swift */; };
		848E05FC2C69B1250009C9F9 /* HomeApiService.swift in Sources */ = {isa = PBXBuildFile; fileRef = 848E05FB2C69B1230009C9F9 /* HomeApiService.swift */; };
		848E05FE2C69B1310009C9F9 /* StorageProvider.swift in Sources */ = {isa = PBXBuildFile; fileRef = 848E05FD2C69B1300009C9F9 /* StorageProvider.swift */; };
		848E06002C69B1540009C9F9 /* NetworkProvider.swift in Sources */ = {isa = PBXBuildFile; fileRef = 848E05FF2C69B1530009C9F9 /* NetworkProvider.swift */; };
		848E06022C69B1700009C9F9 /* Constant.swift in Sources */ = {isa = PBXBuildFile; fileRef = 848E06012C69B16F0009C9F9 /* Constant.swift */; };
		848E06052C69B1900009C9F9 /* SVProgressHUD in Frameworks */ = {isa = PBXBuildFile; productRef = 848E06042C69B1900009C9F9 /* SVProgressHUD */; };
		848E06082C69B1A90009C9F9 /* Kingfisher in Frameworks */ = {isa = PBXBuildFile; productRef = 848E06072C69B1A90009C9F9 /* Kingfisher */; };
		848E060A2C69B1B70009C9F9 /* Loader.swift in Sources */ = {isa = PBXBuildFile; fileRef = 848E06092C69B1B60009C9F9 /* Loader.swift */; };
		848E060C2C69B1C70009C9F9 /* BaseNavigationController.swift in Sources */ = {isa = PBXBuildFile; fileRef = 848E060B2C69B1C60009C9F9 /* BaseNavigationController.swift */; };
		848E060E2C69B1DC0009C9F9 /* UIImageView+Extension.swift in Sources */ = {isa = PBXBuildFile; fileRef = 848E060D2C69B1DB0009C9F9 /* UIImageView+Extension.swift */; };
		848E06122C69B2190009C9F9 /* FavouriteViewController.swift in Sources */ = {isa = PBXBuildFile; fileRef = 848E06112C69B2170009C9F9 /* FavouriteViewController.swift */; };
		848E06142C69B2320009C9F9 /* FavouriteView.swift in Sources */ = {isa = PBXBuildFile; fileRef = 848E06132C69B2300009C9F9 /* FavouriteView.swift */; };
		848E06162C69B24B0009C9F9 /* DetailViewController.swift in Sources */ = {isa = PBXBuildFile; fileRef = 848E06152C69B2490009C9F9 /* DetailViewController.swift */; };
		848E06182C69B2630009C9F9 /* DetailView.swift in Sources */ = {isa = PBXBuildFile; fileRef = 848E06172C69B2620009C9F9 /* DetailView.swift */; };
		848E061A2C69B2890009C9F9 /* HomeViewController.swift in Sources */ = {isa = PBXBuildFile; fileRef = 848E06192C69B2880009C9F9 /* HomeViewController.swift */; };
		848E061C2C69B2A00009C9F9 /* HomeView.swift in Sources */ = {isa = PBXBuildFile; fileRef = 848E061B2C69B29F0009C9F9 /* HomeView.swift */; };
		848E061E2C69B2BC0009C9F9 /* FavouriteViewCell.swift in Sources */ = {isa = PBXBuildFile; fileRef = 848E061D2C69B2BA0009C9F9 /* FavouriteViewCell.swift */; };
		848E06202C69B2D30009C9F9 /* HomeViewCell.swift in Sources */ = {isa = PBXBuildFile; fileRef = 848E061F2C69B2D20009C9F9 /* HomeViewCell.swift */; };
		848E062A2C69BA880009C9F9 /* BindView.swift in Sources */ = {isa = PBXBuildFile; fileRef = 848E06292C69BA850009C9F9 /* BindView.swift */; };
		848E062C2C69BA9A0009C9F9 /* BindViewController.swift in Sources */ = {isa = PBXBuildFile; fileRef = 848E062B2C69BA990009C9F9 /* BindViewController.swift */; };
		848E062E2C69BAC90009C9F9 /* HomeViewModel.swift in Sources */ = {isa = PBXBuildFile; fileRef = 848E062D2C69BAC50009C9F9 /* HomeViewModel.swift */; };
/* End PBXBuildFile section */

/* Begin PBXContainerItemProxy section */
		848E05412C69AB040009C9F9 /* PBXContainerItemProxy */ = {
			isa = PBXContainerItemProxy;
			containerPortal = 848E05222C69AB020009C9F9 /* Project object */;
			proxyType = 1;
			remoteGlobalIDString = 848E05292C69AB020009C9F9;
			remoteInfo = "MVVM-Architecture";
		};
		848E054B2C69AB040009C9F9 /* PBXContainerItemProxy */ = {
			isa = PBXContainerItemProxy;
			containerPortal = 848E05222C69AB020009C9F9 /* Project object */;
			proxyType = 1;
			remoteGlobalIDString = 848E05292C69AB020009C9F9;
			remoteInfo = "MVVM-Architecture";
		};
/* End PBXContainerItemProxy section */

/* Begin PBXFileReference section */
		845451132C6E4FEF0046D64F /* DetailViewModel.swift */ = {isa = PBXFileReference; lastKnownFileType = sourcecode.swift; path = DetailViewModel.swift; sourceTree = "<group>"; };
		845451152C6E5B160046D64F /* FavouriteViewModel.swift */ = {isa = PBXFileReference; lastKnownFileType = sourcecode.swift; path = FavouriteViewModel.swift; sourceTree = "<group>"; };
		848E052A2C69AB020009C9F9 /* MVVM-Architecture.app */ = {isa = PBXFileReference; explicitFileType = wrapper.application; includeInIndex = 0; path = "MVVM-Architecture.app"; sourceTree = BUILT_PRODUCTS_DIR; };
		848E05402C69AB040009C9F9 /* MVVM-ArchitectureTests.xctest */ = {isa = PBXFileReference; explicitFileType = wrapper.cfbundle; includeInIndex = 0; path = "MVVM-ArchitectureTests.xctest"; sourceTree = BUILT_PRODUCTS_DIR; };
		848E054A2C69AB040009C9F9 /* MVVM-ArchitectureUITests.xctest */ = {isa = PBXFileReference; explicitFileType = wrapper.cfbundle; includeInIndex = 0; path = "MVVM-ArchitectureUITests.xctest"; sourceTree = BUILT_PRODUCTS_DIR; };
		848E05C92C69AEC90009C9F9 /* AppDelegate.swift */ = {isa = PBXFileReference; lastKnownFileType = sourcecode.swift; path = AppDelegate.swift; sourceTree = "<group>"; };
		848E05CA2C69AEC90009C9F9 /* Assets.xcassets */ = {isa = PBXFileReference; lastKnownFileType = folder.assetcatalog; path = Assets.xcassets; sourceTree = "<group>"; };
		848E05CB2C69AEC90009C9F9 /* Info.plist */ = {isa = PBXFileReference; lastKnownFileType = text.plist.xml; path = Info.plist; sourceTree = "<group>"; };
		848E05CC2C69AEC90009C9F9 /* Base */ = {isa = PBXFileReference; lastKnownFileType = file.storyboard; name = Base; path = Base.lproj/LaunchScreen.storyboard; sourceTree = "<group>"; };
		848E05CE2C69AEC90009C9F9 /* SceneDelegate.swift */ = {isa = PBXFileReference; lastKnownFileType = sourcecode.swift; path = SceneDelegate.swift; sourceTree = "<group>"; };
		848E05CF2C69AEC90009C9F9 /* ViewController.swift */ = {isa = PBXFileReference; lastKnownFileType = sourcecode.swift; path = ViewController.swift; sourceTree = "<group>"; };
		848E05D82C69AECD0009C9F9 /* MVVM_ArchitectureTests.swift */ = {isa = PBXFileReference; lastKnownFileType = sourcecode.swift; path = MVVM_ArchitectureTests.swift; sourceTree = "<group>"; };
		848E05DB2C69AED00009C9F9 /* MVVM_ArchitectureUITests.swift */ = {isa = PBXFileReference; lastKnownFileType = sourcecode.swift; path = MVVM_ArchitectureUITests.swift; sourceTree = "<group>"; };
		848E05DC2C69AED00009C9F9 /* MVVM_ArchitectureUITestsLaunchTests.swift */ = {isa = PBXFileReference; lastKnownFileType = sourcecode.swift; path = MVVM_ArchitectureUITestsLaunchTests.swift; sourceTree = "<group>"; };
		848E05E12C69AF060009C9F9 /* PokemonDataModel.xcdatamodel */ = {isa = PBXFileReference; lastKnownFileType = wrapper.xcdatamodel; path = PokemonDataModel.xcdatamodel; sourceTree = "<group>"; };
		848E05ED2C69B0760009C9F9 /* ModelEntityMapProtocol.swift */ = {isa = PBXFileReference; lastKnownFileType = sourcecode.swift; path = ModelEntityMapProtocol.swift; sourceTree = "<group>"; };
		848E05EF2C69B09D0009C9F9 /* SpritesModel.swift */ = {isa = PBXFileReference; lastKnownFileType = sourcecode.swift; path = SpritesModel.swift; sourceTree = "<group>"; };
		848E05F12C69B0B10009C9F9 /* PokemonDetailModel.swift */ = {isa = PBXFileReference; lastKnownFileType = sourcecode.swift; path = PokemonDetailModel.swift; sourceTree = "<group>"; };
		848E05F32C69B0CE0009C9F9 /* PokemonListModel.swift */ = {isa = PBXFileReference; lastKnownFileType = sourcecode.swift; path = PokemonListModel.swift; sourceTree = "<group>"; };
		848E05F52C69B0E80009C9F9 /* FavouriteStorageService.swift */ = {isa = PBXFileReference; lastKnownFileType = sourcecode.swift; path = FavouriteStorageService.swift; sourceTree = "<group>"; };
		848E05F72C69B0FB0009C9F9 /* DetailStorageService.swift */ = {isa = PBXFileReference; lastKnownFileType = sourcecode.swift; path = DetailStorageService.swift; sourceTree = "<group>"; };
		848E05F92C69B1110009C9F9 /* DetailApiService.swift */ = {isa = PBXFileReference; lastKnownFileType = sourcecode.swift; path = DetailApiService.swift; sourceTree = "<group>"; };
		848E05FB2C69B1230009C9F9 /* HomeApiService.swift */ = {isa = PBXFileReference; lastKnownFileType = sourcecode.swift; path = HomeApiService.swift; sourceTree = "<group>"; };
		848E05FD2C69B1300009C9F9 /* StorageProvider.swift */ = {isa = PBXFileReference; lastKnownFileType = sourcecode.swift; path = StorageProvider.swift; sourceTree = "<group>"; };
		848E05FF2C69B1530009C9F9 /* NetworkProvider.swift */ = {isa = PBXFileReference; lastKnownFileType = sourcecode.swift; path = NetworkProvider.swift; sourceTree = "<group>"; };
		848E06012C69B16F0009C9F9 /* Constant.swift */ = {isa = PBXFileReference; lastKnownFileType = sourcecode.swift; path = Constant.swift; sourceTree = "<group>"; };
		848E06092C69B1B60009C9F9 /* Loader.swift */ = {isa = PBXFileReference; lastKnownFileType = sourcecode.swift; path = Loader.swift; sourceTree = "<group>"; };
		848E060B2C69B1C60009C9F9 /* BaseNavigationController.swift */ = {isa = PBXFileReference; lastKnownFileType = sourcecode.swift; path = BaseNavigationController.swift; sourceTree = "<group>"; };
		848E060D2C69B1DB0009C9F9 /* UIImageView+Extension.swift */ = {isa = PBXFileReference; lastKnownFileType = sourcecode.swift; path = "UIImageView+Extension.swift"; sourceTree = "<group>"; };
		848E06112C69B2170009C9F9 /* FavouriteViewController.swift */ = {isa = PBXFileReference; lastKnownFileType = sourcecode.swift; path = FavouriteViewController.swift; sourceTree = "<group>"; };
		848E06132C69B2300009C9F9 /* FavouriteView.swift */ = {isa = PBXFileReference; lastKnownFileType = sourcecode.swift; path = FavouriteView.swift; sourceTree = "<group>"; };
		848E06152C69B2490009C9F9 /* DetailViewController.swift */ = {isa = PBXFileReference; lastKnownFileType = sourcecode.swift; path = DetailViewController.swift; sourceTree = "<group>"; };
		848E06172C69B2620009C9F9 /* DetailView.swift */ = {isa = PBXFileReference; lastKnownFileType = sourcecode.swift; path = DetailView.swift; sourceTree = "<group>"; };
		848E06192C69B2880009C9F9 /* HomeViewController.swift */ = {isa = PBXFileReference; lastKnownFileType = sourcecode.swift; path = HomeViewController.swift; sourceTree = "<group>"; };
		848E061B2C69B29F0009C9F9 /* HomeView.swift */ = {isa = PBXFileReference; lastKnownFileType = sourcecode.swift; path = HomeView.swift; sourceTree = "<group>"; };
		848E061D2C69B2BA0009C9F9 /* FavouriteViewCell.swift */ = {isa = PBXFileReference; lastKnownFileType = sourcecode.swift; path = FavouriteViewCell.swift; sourceTree = "<group>"; };
		848E061F2C69B2D20009C9F9 /* HomeViewCell.swift */ = {isa = PBXFileReference; lastKnownFileType = sourcecode.swift; path = HomeViewCell.swift; sourceTree = "<group>"; };
		848E06292C69BA850009C9F9 /* BindView.swift */ = {isa = PBXFileReference; lastKnownFileType = sourcecode.swift; path = BindView.swift; sourceTree = "<group>"; };
		848E062B2C69BA990009C9F9 /* BindViewController.swift */ = {isa = PBXFileReference; lastKnownFileType = sourcecode.swift; path = BindViewController.swift; sourceTree = "<group>"; };
		848E062D2C69BAC50009C9F9 /* HomeViewModel.swift */ = {isa = PBXFileReference; lastKnownFileType = sourcecode.swift; path = HomeViewModel.swift; sourceTree = "<group>"; };
/* End PBXFileReference section */

/* Begin PBXFrameworksBuildPhase section */
		848E05272C69AB020009C9F9 /* Frameworks */ = {
			isa = PBXFrameworksBuildPhase;
			buildActionMask = 2147483647;
			files = (
				848E06082C69B1A90009C9F9 /* Kingfisher in Frameworks */,
				848E06052C69B1900009C9F9 /* SVProgressHUD in Frameworks */,
			);
			runOnlyForDeploymentPostprocessing = 0;
		};
		848E053D2C69AB040009C9F9 /* Frameworks */ = {
			isa = PBXFrameworksBuildPhase;
			buildActionMask = 2147483647;
			files = (
			);
			runOnlyForDeploymentPostprocessing = 0;
		};
		848E05472C69AB040009C9F9 /* Frameworks */ = {
			isa = PBXFrameworksBuildPhase;
			buildActionMask = 2147483647;
			files = (
			);
			runOnlyForDeploymentPostprocessing = 0;
		};
/* End PBXFrameworksBuildPhase section */

/* Begin PBXGroup section */
		848E05212C69AB020009C9F9 = {
			isa = PBXGroup;
			children = (
				848E05D02C69AEC90009C9F9 /* MVVM-Architecture */,
				848E05D92C69AECD0009C9F9 /* MVVM-ArchitectureTests */,
				848E05DD2C69AED00009C9F9 /* MVVM-ArchitectureUITests */,
				848E052B2C69AB020009C9F9 /* Products */,
			);
			sourceTree = "<group>";
		};
		848E052B2C69AB020009C9F9 /* Products */ = {
			isa = PBXGroup;
			children = (
				848E052A2C69AB020009C9F9 /* MVVM-Architecture.app */,
				848E05402C69AB040009C9F9 /* MVVM-ArchitectureTests.xctest */,
				848E054A2C69AB040009C9F9 /* MVVM-ArchitectureUITests.xctest */,
			);
			name = Products;
			sourceTree = "<group>";
		};
		848E05D02C69AEC90009C9F9 /* MVVM-Architecture */ = {
			isa = PBXGroup;
			children = (
				848E05E62C69AFEC0009C9F9 /* App */,
				848E05E52C69AFE90009C9F9 /* Model */,
				848E05E42C69AFE60009C9F9 /* View */,
				848E05E32C69AFE30009C9F9 /* ViewModel */,
				848E05CA2C69AEC90009C9F9 /* Assets.xcassets */,
				848E05CB2C69AEC90009C9F9 /* Info.plist */,
				848E05CD2C69AEC90009C9F9 /* LaunchScreen.storyboard */,
				848E05CF2C69AEC90009C9F9 /* ViewController.swift */,
				848E05E02C69AF060009C9F9 /* PokemonDataModel.xcdatamodeld */,
			);
			path = "MVVM-Architecture";
			sourceTree = "<group>";
		};
		848E05D92C69AECD0009C9F9 /* MVVM-ArchitectureTests */ = {
			isa = PBXGroup;
			children = (
				848E05D82C69AECD0009C9F9 /* MVVM_ArchitectureTests.swift */,
			);
			path = "MVVM-ArchitectureTests";
			sourceTree = "<group>";
		};
		848E05DD2C69AED00009C9F9 /* MVVM-ArchitectureUITests */ = {
			isa = PBXGroup;
			children = (
				848E05DB2C69AED00009C9F9 /* MVVM_ArchitectureUITests.swift */,
				848E05DC2C69AED00009C9F9 /* MVVM_ArchitectureUITestsLaunchTests.swift */,
			);
			path = "MVVM-ArchitectureUITests";
			sourceTree = "<group>";
		};
		848E05E32C69AFE30009C9F9 /* ViewModel */ = {
			isa = PBXGroup;
			children = (
				848E062D2C69BAC50009C9F9 /* HomeViewModel.swift */,
				845451132C6E4FEF0046D64F /* DetailViewModel.swift */,
				845451152C6E5B160046D64F /* FavouriteViewModel.swift */,
			);
			path = ViewModel;
			sourceTree = "<group>";
		};
		848E05E42C69AFE60009C9F9 /* View */ = {
			isa = PBXGroup;
			children = (
				848E06102C69B1FC0009C9F9 /* Screens */,
				848E060F2C69B1F90009C9F9 /* Cells */,
			);
			path = View;
			sourceTree = "<group>";
		};
		848E05E52C69AFE90009C9F9 /* Model */ = {
			isa = PBXGroup;
			children = (
				848E06282C69BA7B0009C9F9 /* Base */,
				848E05EC2C69B0330009C9F9 /* Models */,
				848E05EB2C69B0300009C9F9 /* Services */,
				848E05EA2C69B02D0009C9F9 /* StorageProvider */,
				848E05E92C69B02A0009C9F9 /* NetworkProvider */,
				848E05E82C69B0270009C9F9 /* Helpers */,
				848E05E72C69B0250009C9F9 /* Extensions */,
			);
			path = Model;
			sourceTree = "<group>";
		};
		848E05E62C69AFEC0009C9F9 /* App */ = {
			isa = PBXGroup;
			children = (
				848E05C92C69AEC90009C9F9 /* AppDelegate.swift */,
				848E05CE2C69AEC90009C9F9 /* SceneDelegate.swift */,
			);
			path = App;
			sourceTree = "<group>";
		};
		848E05E72C69B0250009C9F9 /* Extensions */ = {
			isa = PBXGroup;
			children = (
				848E060D2C69B1DB0009C9F9 /* UIImageView+Extension.swift */,
			);
			path = Extensions;
			sourceTree = "<group>";
		};
		848E05E82C69B0270009C9F9 /* Helpers */ = {
			isa = PBXGroup;
			children = (
				848E060B2C69B1C60009C9F9 /* BaseNavigationController.swift */,
				848E06092C69B1B60009C9F9 /* Loader.swift */,
				848E06012C69B16F0009C9F9 /* Constant.swift */,
			);
			path = Helpers;
			sourceTree = "<group>";
		};
		848E05E92C69B02A0009C9F9 /* NetworkProvider */ = {
			isa = PBXGroup;
			children = (
				848E05FF2C69B1530009C9F9 /* NetworkProvider.swift */,
			);
			path = NetworkProvider;
			sourceTree = "<group>";
		};
		848E05EA2C69B02D0009C9F9 /* StorageProvider */ = {
			isa = PBXGroup;
			children = (
				848E05FD2C69B1300009C9F9 /* StorageProvider.swift */,
			);
			path = StorageProvider;
			sourceTree = "<group>";
		};
		848E05EB2C69B0300009C9F9 /* Services */ = {
			isa = PBXGroup;
			children = (
				848E05FB2C69B1230009C9F9 /* HomeApiService.swift */,
				848E05F92C69B1110009C9F9 /* DetailApiService.swift */,
				848E05F72C69B0FB0009C9F9 /* DetailStorageService.swift */,
				848E05F52C69B0E80009C9F9 /* FavouriteStorageService.swift */,
			);
			path = Services;
			sourceTree = "<group>";
		};
		848E05EC2C69B0330009C9F9 /* Models */ = {
			isa = PBXGroup;
			children = (
				848E05F32C69B0CE0009C9F9 /* PokemonListModel.swift */,
				848E05F12C69B0B10009C9F9 /* PokemonDetailModel.swift */,
				848E05EF2C69B09D0009C9F9 /* SpritesModel.swift */,
				848E05ED2C69B0760009C9F9 /* ModelEntityMapProtocol.swift */,
			);
			path = Models;
			sourceTree = "<group>";
		};
		848E060F2C69B1F90009C9F9 /* Cells */ = {
			isa = PBXGroup;
			children = (
				848E061F2C69B2D20009C9F9 /* HomeViewCell.swift */,
				848E061D2C69B2BA0009C9F9 /* FavouriteViewCell.swift */,
			);
			path = Cells;
			sourceTree = "<group>";
		};
		848E06102C69B1FC0009C9F9 /* Screens */ = {
			isa = PBXGroup;
			children = (
				848E061B2C69B29F0009C9F9 /* HomeView.swift */,
				848E06192C69B2880009C9F9 /* HomeViewController.swift */,
				848E06172C69B2620009C9F9 /* DetailView.swift */,
				848E06152C69B2490009C9F9 /* DetailViewController.swift */,
				848E06132C69B2300009C9F9 /* FavouriteView.swift */,
				848E06112C69B2170009C9F9 /* FavouriteViewController.swift */,
			);
			path = Screens;
			sourceTree = "<group>";
		};
		848E06282C69BA7B0009C9F9 /* Base */ = {
			isa = PBXGroup;
			children = (
				848E06292C69BA850009C9F9 /* BindView.swift */,
				848E062B2C69BA990009C9F9 /* BindViewController.swift */,
			);
			path = Base;
			sourceTree = "<group>";
		};
/* End PBXGroup section */

/* Begin PBXNativeTarget section */
		848E05292C69AB020009C9F9 /* MVVM-Architecture */ = {
			isa = PBXNativeTarget;
			buildConfigurationList = 848E05532C69AB040009C9F9 /* Build configuration list for PBXNativeTarget "MVVM-Architecture" */;
			buildPhases = (
				848E05262C69AB020009C9F9 /* Sources */,
				848E05272C69AB020009C9F9 /* Frameworks */,
				848E05282C69AB020009C9F9 /* Resources */,
			);
			buildRules = (
			);
			dependencies = (
			);
			name = "MVVM-Architecture";
			packageProductDependencies = (
				848E06042C69B1900009C9F9 /* SVProgressHUD */,
				848E06072C69B1A90009C9F9 /* Kingfisher */,
			);
			productName = "MVVM-Architecture";
			productReference = 848E052A2C69AB020009C9F9 /* MVVM-Architecture.app */;
			productType = "com.apple.product-type.application";
		};
		848E053F2C69AB040009C9F9 /* MVVM-ArchitectureTests */ = {
			isa = PBXNativeTarget;
			buildConfigurationList = 848E05592C69AB040009C9F9 /* Build configuration list for PBXNativeTarget "MVVM-ArchitectureTests" */;
			buildPhases = (
				848E053C2C69AB040009C9F9 /* Sources */,
				848E053D2C69AB040009C9F9 /* Frameworks */,
				848E053E2C69AB040009C9F9 /* Resources */,
			);
			buildRules = (
			);
			dependencies = (
				848E05422C69AB040009C9F9 /* PBXTargetDependency */,
			);
			name = "MVVM-ArchitectureTests";
			packageProductDependencies = (
			);
			productName = "MVVM-ArchitectureTests";
			productReference = 848E05402C69AB040009C9F9 /* MVVM-ArchitectureTests.xctest */;
			productType = "com.apple.product-type.bundle.unit-test";
		};
		848E05492C69AB040009C9F9 /* MVVM-ArchitectureUITests */ = {
			isa = PBXNativeTarget;
			buildConfigurationList = 848E055C2C69AB040009C9F9 /* Build configuration list for PBXNativeTarget "MVVM-ArchitectureUITests" */;
			buildPhases = (
				848E05462C69AB040009C9F9 /* Sources */,
				848E05472C69AB040009C9F9 /* Frameworks */,
				848E05482C69AB040009C9F9 /* Resources */,
			);
			buildRules = (
			);
			dependencies = (
				848E054C2C69AB040009C9F9 /* PBXTargetDependency */,
			);
			name = "MVVM-ArchitectureUITests";
			packageProductDependencies = (
			);
			productName = "MVVM-ArchitectureUITests";
			productReference = 848E054A2C69AB040009C9F9 /* MVVM-ArchitectureUITests.xctest */;
			productType = "com.apple.product-type.bundle.ui-testing";
		};
/* End PBXNativeTarget section */

/* Begin PBXProject section */
		848E05222C69AB020009C9F9 /* Project object */ = {
			isa = PBXProject;
			attributes = {
				BuildIndependentTargetsInParallel = 1;
				LastSwiftUpdateCheck = 1600;
				LastUpgradeCheck = 1600;
				TargetAttributes = {
					848E05292C69AB020009C9F9 = {
						CreatedOnToolsVersion = 16.0;
					};
					848E053F2C69AB040009C9F9 = {
						CreatedOnToolsVersion = 16.0;
						TestTargetID = 848E05292C69AB020009C9F9;
					};
					848E05492C69AB040009C9F9 = {
						CreatedOnToolsVersion = 16.0;
						TestTargetID = 848E05292C69AB020009C9F9;
					};
				};
			};
			buildConfigurationList = 848E05252C69AB020009C9F9 /* Build configuration list for PBXProject "MVVM-Architecture" */;
			developmentRegion = en;
			hasScannedForEncodings = 0;
			knownRegions = (
				en,
				Base,
			);
			mainGroup = 848E05212C69AB020009C9F9;
			minimizedProjectReferenceProxies = 1;
			packageReferences = (
				848E06032C69B1900009C9F9 /* XCRemoteSwiftPackageReference "SVProgressHUD" */,
				848E06062C69B1A90009C9F9 /* XCRemoteSwiftPackageReference "Kingfisher" */,
			);
			preferredProjectObjectVersion = 77;
			productRefGroup = 848E052B2C69AB020009C9F9 /* Products */;
			projectDirPath = "";
			projectRoot = "";
			targets = (
				848E05292C69AB020009C9F9 /* MVVM-Architecture */,
				848E053F2C69AB040009C9F9 /* MVVM-ArchitectureTests */,
				848E05492C69AB040009C9F9 /* MVVM-ArchitectureUITests */,
			);
		};
/* End PBXProject section */

/* Begin PBXResourcesBuildPhase section */
		848E05282C69AB020009C9F9 /* Resources */ = {
			isa = PBXResourcesBuildPhase;
			buildActionMask = 2147483647;
			files = (
				848E05D12C69AEC90009C9F9 /* Assets.xcassets in Resources */,
				848E05D72C69AEC90009C9F9 /* Base in Resources */,
			);
			runOnlyForDeploymentPostprocessing = 0;
		};
		848E053E2C69AB040009C9F9 /* Resources */ = {
			isa = PBXResourcesBuildPhase;
			buildActionMask = 2147483647;
			files = (
			);
			runOnlyForDeploymentPostprocessing = 0;
		};
		848E05482C69AB040009C9F9 /* Resources */ = {
			isa = PBXResourcesBuildPhase;
			buildActionMask = 2147483647;
			files = (
			);
			runOnlyForDeploymentPostprocessing = 0;
		};
/* End PBXResourcesBuildPhase section */

/* Begin PBXSourcesBuildPhase section */
		848E05262C69AB020009C9F9 /* Sources */ = {
			isa = PBXSourcesBuildPhase;
			buildActionMask = 2147483647;
			files = (
				848E05F02C69B09F0009C9F9 /* SpritesModel.swift in Sources */,
				848E05D42C69AEC90009C9F9 /* AppDelegate.swift in Sources */,
				848E06142C69B2320009C9F9 /* FavouriteView.swift in Sources */,
				848E062E2C69BAC90009C9F9 /* HomeViewModel.swift in Sources */,
				848E062C2C69BA9A0009C9F9 /* BindViewController.swift in Sources */,
				848E06022C69B1700009C9F9 /* Constant.swift in Sources */,
				848E05FE2C69B1310009C9F9 /* StorageProvider.swift in Sources */,
				848E06182C69B2630009C9F9 /* DetailView.swift in Sources */,
				848E061A2C69B2890009C9F9 /* HomeViewController.swift in Sources */,
				848E05F22C69B0B30009C9F9 /* PokemonDetailModel.swift in Sources */,
				848E06162C69B24B0009C9F9 /* DetailViewController.swift in Sources */,
				848E05EE2C69B0810009C9F9 /* ModelEntityMapProtocol.swift in Sources */,
				848E05E22C69AF060009C9F9 /* PokemonDataModel.xcdatamodeld in Sources */,
				848E05D52C69AEC90009C9F9 /* SceneDelegate.swift in Sources */,
				848E06002C69B1540009C9F9 /* NetworkProvider.swift in Sources */,
				845451142C6E4FF50046D64F /* DetailViewModel.swift in Sources */,
				848E061E2C69B2BC0009C9F9 /* FavouriteViewCell.swift in Sources */,
				848E05F82C69B0FD0009C9F9 /* DetailStorageService.swift in Sources */,
				848E05FC2C69B1250009C9F9 /* HomeApiService.swift in Sources */,
				848E05F62C69B0E90009C9F9 /* FavouriteStorageService.swift in Sources */,
				845451162C6E5B200046D64F /* FavouriteViewModel.swift in Sources */,
				848E060E2C69B1DC0009C9F9 /* UIImageView+Extension.swift in Sources */,
				848E05D62C69AEC90009C9F9 /* ViewController.swift in Sources */,
				848E062A2C69BA880009C9F9 /* BindView.swift in Sources */,
				848E05FA2C69B1120009C9F9 /* DetailApiService.swift in Sources */,
				848E060C2C69B1C70009C9F9 /* BaseNavigationController.swift in Sources */,
				848E06202C69B2D30009C9F9 /* HomeViewCell.swift in Sources */,
				848E06122C69B2190009C9F9 /* FavouriteViewController.swift in Sources */,
				848E061C2C69B2A00009C9F9 /* HomeView.swift in Sources */,
				848E060A2C69B1B70009C9F9 /* Loader.swift in Sources */,
				848E05F42C69B0CF0009C9F9 /* PokemonListModel.swift in Sources */,
			);
			runOnlyForDeploymentPostprocessing = 0;
		};
		848E053C2C69AB040009C9F9 /* Sources */ = {
			isa = PBXSourcesBuildPhase;
			buildActionMask = 2147483647;
			files = (
				848E05DA2C69AECD0009C9F9 /* MVVM_ArchitectureTests.swift in Sources */,
			);
			runOnlyForDeploymentPostprocessing = 0;
		};
		848E05462C69AB040009C9F9 /* Sources */ = {
			isa = PBXSourcesBuildPhase;
			buildActionMask = 2147483647;
			files = (
				848E05DE2C69AED00009C9F9 /* MVVM_ArchitectureUITests.swift in Sources */,
				848E05DF2C69AED00009C9F9 /* MVVM_ArchitectureUITestsLaunchTests.swift in Sources */,
			);
			runOnlyForDeploymentPostprocessing = 0;
		};
/* End PBXSourcesBuildPhase section */

/* Begin PBXTargetDependency section */
		848E05422C69AB040009C9F9 /* PBXTargetDependency */ = {
			isa = PBXTargetDependency;
			target = 848E05292C69AB020009C9F9 /* MVVM-Architecture */;
			targetProxy = 848E05412C69AB040009C9F9 /* PBXContainerItemProxy */;
		};
		848E054C2C69AB040009C9F9 /* PBXTargetDependency */ = {
			isa = PBXTargetDependency;
			target = 848E05292C69AB020009C9F9 /* MVVM-Architecture */;
			targetProxy = 848E054B2C69AB040009C9F9 /* PBXContainerItemProxy */;
		};
/* End PBXTargetDependency section */

/* Begin PBXVariantGroup section */
		848E05CD2C69AEC90009C9F9 /* LaunchScreen.storyboard */ = {
			isa = PBXVariantGroup;
			children = (
				848E05CC2C69AEC90009C9F9 /* Base */,
			);
			name = LaunchScreen.storyboard;
			sourceTree = "<group>";
		};
/* End PBXVariantGroup section */

/* Begin XCBuildConfiguration section */
		848E05542C69AB040009C9F9 /* Debug */ = {
			isa = XCBuildConfiguration;
			buildSettings = {
				ASSETCATALOG_COMPILER_APPICON_NAME = AppIcon;
				ASSETCATALOG_COMPILER_GLOBAL_ACCENT_COLOR_NAME = AccentColor;
				CODE_SIGN_STYLE = Automatic;
				CURRENT_PROJECT_VERSION = 1;
				GENERATE_INFOPLIST_FILE = YES;
				INFOPLIST_FILE = "MVVM-Architecture/Info.plist";
				INFOPLIST_KEY_UIApplicationSupportsIndirectInputEvents = YES;
				INFOPLIST_KEY_UILaunchStoryboardName = LaunchScreen;
				INFOPLIST_KEY_UISupportedInterfaceOrientations_iPad = "UIInterfaceOrientationPortrait UIInterfaceOrientationPortraitUpsideDown UIInterfaceOrientationLandscapeLeft UIInterfaceOrientationLandscapeRight";
				INFOPLIST_KEY_UISupportedInterfaceOrientations_iPhone = "UIInterfaceOrientationPortrait UIInterfaceOrientationLandscapeLeft UIInterfaceOrientationLandscapeRight";
				LD_RUNPATH_SEARCH_PATHS = (
					"$(inherited)",
					"@executable_path/Frameworks",
				);
				MARKETING_VERSION = 1.0;
				PRODUCT_BUNDLE_IDENTIFIER = "russell.co.MVVM-Architecture";
				PRODUCT_NAME = "$(TARGET_NAME)";
				SWIFT_EMIT_LOC_STRINGS = YES;
				SWIFT_VERSION = 5.0;
				TARGETED_DEVICE_FAMILY = "1,2";
			};
			name = Debug;
		};
		848E05552C69AB040009C9F9 /* Release */ = {
			isa = XCBuildConfiguration;
			buildSettings = {
				ASSETCATALOG_COMPILER_APPICON_NAME = AppIcon;
				ASSETCATALOG_COMPILER_GLOBAL_ACCENT_COLOR_NAME = AccentColor;
				CODE_SIGN_STYLE = Automatic;
				CURRENT_PROJECT_VERSION = 1;
				GENERATE_INFOPLIST_FILE = YES;
				INFOPLIST_FILE = "MVVM-Architecture/Info.plist";
				INFOPLIST_KEY_UIApplicationSupportsIndirectInputEvents = YES;
				INFOPLIST_KEY_UILaunchStoryboardName = LaunchScreen;
				INFOPLIST_KEY_UISupportedInterfaceOrientations_iPad = "UIInterfaceOrientationPortrait UIInterfaceOrientationPortraitUpsideDown UIInterfaceOrientationLandscapeLeft UIInterfaceOrientationLandscapeRight";
				INFOPLIST_KEY_UISupportedInterfaceOrientations_iPhone = "UIInterfaceOrientationPortrait UIInterfaceOrientationLandscapeLeft UIInterfaceOrientationLandscapeRight";
				LD_RUNPATH_SEARCH_PATHS = (
					"$(inherited)",
					"@executable_path/Frameworks",
				);
				MARKETING_VERSION = 1.0;
				PRODUCT_BUNDLE_IDENTIFIER = "russell.co.MVVM-Architecture";
				PRODUCT_NAME = "$(TARGET_NAME)";
				SWIFT_EMIT_LOC_STRINGS = YES;
				SWIFT_VERSION = 5.0;
				TARGETED_DEVICE_FAMILY = "1,2";
			};
			name = Release;
		};
		848E05572C69AB040009C9F9 /* Debug */ = {
			isa = XCBuildConfiguration;
			buildSettings = {
				ALWAYS_SEARCH_USER_PATHS = NO;
				ASSETCATALOG_COMPILER_GENERATE_SWIFT_ASSET_SYMBOL_EXTENSIONS = YES;
				CLANG_ANALYZER_NONNULL = YES;
				CLANG_ANALYZER_NUMBER_OBJECT_CONVERSION = YES_AGGRESSIVE;
				CLANG_CXX_LANGUAGE_STANDARD = "gnu++20";
				CLANG_ENABLE_MODULES = YES;
				CLANG_ENABLE_OBJC_ARC = YES;
				CLANG_ENABLE_OBJC_WEAK = YES;
				CLANG_WARN_BLOCK_CAPTURE_AUTORELEASING = YES;
				CLANG_WARN_BOOL_CONVERSION = YES;
				CLANG_WARN_COMMA = YES;
				CLANG_WARN_CONSTANT_CONVERSION = YES;
				CLANG_WARN_DEPRECATED_OBJC_IMPLEMENTATIONS = YES;
				CLANG_WARN_DIRECT_OBJC_ISA_USAGE = YES_ERROR;
				CLANG_WARN_DOCUMENTATION_COMMENTS = YES;
				CLANG_WARN_EMPTY_BODY = YES;
				CLANG_WARN_ENUM_CONVERSION = YES;
				CLANG_WARN_INFINITE_RECURSION = YES;
				CLANG_WARN_INT_CONVERSION = YES;
				CLANG_WARN_NON_LITERAL_NULL_CONVERSION = YES;
				CLANG_WARN_OBJC_IMPLICIT_RETAIN_SELF = YES;
				CLANG_WARN_OBJC_LITERAL_CONVERSION = YES;
				CLANG_WARN_OBJC_ROOT_CLASS = YES_ERROR;
				CLANG_WARN_QUOTED_INCLUDE_IN_FRAMEWORK_HEADER = YES;
				CLANG_WARN_RANGE_LOOP_ANALYSIS = YES;
				CLANG_WARN_STRICT_PROTOTYPES = YES;
				CLANG_WARN_SUSPICIOUS_MOVE = YES;
				CLANG_WARN_UNGUARDED_AVAILABILITY = YES_AGGRESSIVE;
				CLANG_WARN_UNREACHABLE_CODE = YES;
				CLANG_WARN__DUPLICATE_METHOD_MATCH = YES;
				COPY_PHASE_STRIP = NO;
				DEBUG_INFORMATION_FORMAT = dwarf;
				ENABLE_STRICT_OBJC_MSGSEND = YES;
				ENABLE_TESTABILITY = YES;
				ENABLE_USER_SCRIPT_SANDBOXING = YES;
				GCC_C_LANGUAGE_STANDARD = gnu17;
				GCC_DYNAMIC_NO_PIC = NO;
				GCC_NO_COMMON_BLOCKS = YES;
				GCC_OPTIMIZATION_LEVEL = 0;
				GCC_PREPROCESSOR_DEFINITIONS = (
					"DEBUG=1",
					"$(inherited)",
				);
				GCC_WARN_64_TO_32_BIT_CONVERSION = YES;
				GCC_WARN_ABOUT_RETURN_TYPE = YES_ERROR;
				GCC_WARN_UNDECLARED_SELECTOR = YES;
				GCC_WARN_UNINITIALIZED_AUTOS = YES_AGGRESSIVE;
				GCC_WARN_UNUSED_FUNCTION = YES;
				GCC_WARN_UNUSED_VARIABLE = YES;
				IPHONEOS_DEPLOYMENT_TARGET = 18.0;
				LOCALIZATION_PREFERS_STRING_CATALOGS = YES;
				MTL_ENABLE_DEBUG_INFO = INCLUDE_SOURCE;
				MTL_FAST_MATH = YES;
				ONLY_ACTIVE_ARCH = YES;
				SDKROOT = iphoneos;
				SWIFT_ACTIVE_COMPILATION_CONDITIONS = "DEBUG $(inherited)";
				SWIFT_OPTIMIZATION_LEVEL = "-Onone";
			};
			name = Debug;
		};
		848E05582C69AB040009C9F9 /* Release */ = {
			isa = XCBuildConfiguration;
			buildSettings = {
				ALWAYS_SEARCH_USER_PATHS = NO;
				ASSETCATALOG_COMPILER_GENERATE_SWIFT_ASSET_SYMBOL_EXTENSIONS = YES;
				CLANG_ANALYZER_NONNULL = YES;
				CLANG_ANALYZER_NUMBER_OBJECT_CONVERSION = YES_AGGRESSIVE;
				CLANG_CXX_LANGUAGE_STANDARD = "gnu++20";
				CLANG_ENABLE_MODULES = YES;
				CLANG_ENABLE_OBJC_ARC = YES;
				CLANG_ENABLE_OBJC_WEAK = YES;
				CLANG_WARN_BLOCK_CAPTURE_AUTORELEASING = YES;
				CLANG_WARN_BOOL_CONVERSION = YES;
				CLANG_WARN_COMMA = YES;
				CLANG_WARN_CONSTANT_CONVERSION = YES;
				CLANG_WARN_DEPRECATED_OBJC_IMPLEMENTATIONS = YES;
				CLANG_WARN_DIRECT_OBJC_ISA_USAGE = YES_ERROR;
				CLANG_WARN_DOCUMENTATION_COMMENTS = YES;
				CLANG_WARN_EMPTY_BODY = YES;
				CLANG_WARN_ENUM_CONVERSION = YES;
				CLANG_WARN_INFINITE_RECURSION = YES;
				CLANG_WARN_INT_CONVERSION = YES;
				CLANG_WARN_NON_LITERAL_NULL_CONVERSION = YES;
				CLANG_WARN_OBJC_IMPLICIT_RETAIN_SELF = YES;
				CLANG_WARN_OBJC_LITERAL_CONVERSION = YES;
				CLANG_WARN_OBJC_ROOT_CLASS = YES_ERROR;
				CLANG_WARN_QUOTED_INCLUDE_IN_FRAMEWORK_HEADER = YES;
				CLANG_WARN_RANGE_LOOP_ANALYSIS = YES;
				CLANG_WARN_STRICT_PROTOTYPES = YES;
				CLANG_WARN_SUSPICIOUS_MOVE = YES;
				CLANG_WARN_UNGUARDED_AVAILABILITY = YES_AGGRESSIVE;
				CLANG_WARN_UNREACHABLE_CODE = YES;
				CLANG_WARN__DUPLICATE_METHOD_MATCH = YES;
				COPY_PHASE_STRIP = NO;
				DEBUG_INFORMATION_FORMAT = "dwarf-with-dsym";
				ENABLE_NS_ASSERTIONS = NO;
				ENABLE_STRICT_OBJC_MSGSEND = YES;
				ENABLE_USER_SCRIPT_SANDBOXING = YES;
				GCC_C_LANGUAGE_STANDARD = gnu17;
				GCC_NO_COMMON_BLOCKS = YES;
				GCC_WARN_64_TO_32_BIT_CONVERSION = YES;
				GCC_WARN_ABOUT_RETURN_TYPE = YES_ERROR;
				GCC_WARN_UNDECLARED_SELECTOR = YES;
				GCC_WARN_UNINITIALIZED_AUTOS = YES_AGGRESSIVE;
				GCC_WARN_UNUSED_FUNCTION = YES;
				GCC_WARN_UNUSED_VARIABLE = YES;
				IPHONEOS_DEPLOYMENT_TARGET = 18.0;
				LOCALIZATION_PREFERS_STRING_CATALOGS = YES;
				MTL_ENABLE_DEBUG_INFO = NO;
				MTL_FAST_MATH = YES;
				SDKROOT = iphoneos;
				SWIFT_COMPILATION_MODE = wholemodule;
				VALIDATE_PRODUCT = YES;
			};
			name = Release;
		};
		848E055A2C69AB040009C9F9 /* Debug */ = {
			isa = XCBuildConfiguration;
			buildSettings = {
				BUNDLE_LOADER = "$(TEST_HOST)";
				CODE_SIGN_STYLE = Automatic;
				CURRENT_PROJECT_VERSION = 1;
				GENERATE_INFOPLIST_FILE = YES;
				IPHONEOS_DEPLOYMENT_TARGET = 18.0;
				MARKETING_VERSION = 1.0;
				PRODUCT_BUNDLE_IDENTIFIER = "russell.co.MVVM-ArchitectureTests";
				PRODUCT_NAME = "$(TARGET_NAME)";
				SWIFT_EMIT_LOC_STRINGS = NO;
				SWIFT_VERSION = 5.0;
				TARGETED_DEVICE_FAMILY = "1,2";
				TEST_HOST = "$(BUILT_PRODUCTS_DIR)/MVVM-Architecture.app/$(BUNDLE_EXECUTABLE_FOLDER_PATH)/MVVM-Architecture";
			};
			name = Debug;
		};
		848E055B2C69AB040009C9F9 /* Release */ = {
			isa = XCBuildConfiguration;
			buildSettings = {
				BUNDLE_LOADER = "$(TEST_HOST)";
				CODE_SIGN_STYLE = Automatic;
				CURRENT_PROJECT_VERSION = 1;
				GENERATE_INFOPLIST_FILE = YES;
				IPHONEOS_DEPLOYMENT_TARGET = 18.0;
				MARKETING_VERSION = 1.0;
				PRODUCT_BUNDLE_IDENTIFIER = "russell.co.MVVM-ArchitectureTests";
				PRODUCT_NAME = "$(TARGET_NAME)";
				SWIFT_EMIT_LOC_STRINGS = NO;
				SWIFT_VERSION = 5.0;
				TARGETED_DEVICE_FAMILY = "1,2";
				TEST_HOST = "$(BUILT_PRODUCTS_DIR)/MVVM-Architecture.app/$(BUNDLE_EXECUTABLE_FOLDER_PATH)/MVVM-Architecture";
			};
			name = Release;
		};
		848E055D2C69AB040009C9F9 /* Debug */ = {
			isa = XCBuildConfiguration;
			buildSettings = {
				CODE_SIGN_STYLE = Automatic;
				CURRENT_PROJECT_VERSION = 1;
				GENERATE_INFOPLIST_FILE = YES;
				MARKETING_VERSION = 1.0;
				PRODUCT_BUNDLE_IDENTIFIER = "russell.co.MVVM-ArchitectureUITests";
				PRODUCT_NAME = "$(TARGET_NAME)";
				SWIFT_EMIT_LOC_STRINGS = NO;
				SWIFT_VERSION = 5.0;
				TARGETED_DEVICE_FAMILY = "1,2";
				TEST_TARGET_NAME = "MVVM-Architecture";
			};
			name = Debug;
		};
		848E055E2C69AB040009C9F9 /* Release */ = {
			isa = XCBuildConfiguration;
			buildSettings = {
				CODE_SIGN_STYLE = Automatic;
				CURRENT_PROJECT_VERSION = 1;
				GENERATE_INFOPLIST_FILE = YES;
				MARKETING_VERSION = 1.0;
				PRODUCT_BUNDLE_IDENTIFIER = "russell.co.MVVM-ArchitectureUITests";
				PRODUCT_NAME = "$(TARGET_NAME)";
				SWIFT_EMIT_LOC_STRINGS = NO;
				SWIFT_VERSION = 5.0;
				TARGETED_DEVICE_FAMILY = "1,2";
				TEST_TARGET_NAME = "MVVM-Architecture";
			};
			name = Release;
		};
/* End XCBuildConfiguration section */

/* Begin XCConfigurationList section */
		848E05252C69AB020009C9F9 /* Build configuration list for PBXProject "MVVM-Architecture" */ = {
			isa = XCConfigurationList;
			buildConfigurations = (
				848E05572C69AB040009C9F9 /* Debug */,
				848E05582C69AB040009C9F9 /* Release */,
			);
			defaultConfigurationIsVisible = 0;
			defaultConfigurationName = Release;
		};
		848E05532C69AB040009C9F9 /* Build configuration list for PBXNativeTarget "MVVM-Architecture" */ = {
			isa = XCConfigurationList;
			buildConfigurations = (
				848E05542C69AB040009C9F9 /* Debug */,
				848E05552C69AB040009C9F9 /* Release */,
			);
			defaultConfigurationIsVisible = 0;
			defaultConfigurationName = Release;
		};
		848E05592C69AB040009C9F9 /* Build configuration list for PBXNativeTarget "MVVM-ArchitectureTests" */ = {
			isa = XCConfigurationList;
			buildConfigurations = (
				848E055A2C69AB040009C9F9 /* Debug */,
				848E055B2C69AB040009C9F9 /* Release */,
			);
			defaultConfigurationIsVisible = 0;
			defaultConfigurationName = Release;
		};
		848E055C2C69AB040009C9F9 /* Build configuration list for PBXNativeTarget "MVVM-ArchitectureUITests" */ = {
			isa = XCConfigurationList;
			buildConfigurations = (
				848E055D2C69AB040009C9F9 /* Debug */,
				848E055E2C69AB040009C9F9 /* Release */,
			);
			defaultConfigurationIsVisible = 0;
			defaultConfigurationName = Release;
		};
/* End XCConfigurationList section */

/* Begin XCRemoteSwiftPackageReference section */
		848E06032C69B1900009C9F9 /* XCRemoteSwiftPackageReference "SVProgressHUD" */ = {
			isa = XCRemoteSwiftPackageReference;
			repositoryURL = "https://github.com/SVProgressHUD/SVProgressHUD";
			requirement = {
				kind = upToNextMajorVersion;
				minimumVersion = 2.3.1;
			};
		};
		848E06062C69B1A90009C9F9 /* XCRemoteSwiftPackageReference "Kingfisher" */ = {
			isa = XCRemoteSwiftPackageReference;
			repositoryURL = "https://github.com/onevcat/Kingfisher";
			requirement = {
				kind = upToNextMajorVersion;
				minimumVersion = 7.12.0;
			};
		};
/* End XCRemoteSwiftPackageReference section */

/* Begin XCSwiftPackageProductDependency section */
		848E06042C69B1900009C9F9 /* SVProgressHUD */ = {
			isa = XCSwiftPackageProductDependency;
			package = 848E06032C69B1900009C9F9 /* XCRemoteSwiftPackageReference "SVProgressHUD" */;
			productName = SVProgressHUD;
		};
		848E06072C69B1A90009C9F9 /* Kingfisher */ = {
			isa = XCSwiftPackageProductDependency;
			package = 848E06062C69B1A90009C9F9 /* XCRemoteSwiftPackageReference "Kingfisher" */;
			productName = Kingfisher;
		};
/* End XCSwiftPackageProductDependency section */

/* Begin XCVersionGroup section */
		848E05E02C69AF060009C9F9 /* PokemonDataModel.xcdatamodeld */ = {
			isa = XCVersionGroup;
			children = (
				848E05E12C69AF060009C9F9 /* PokemonDataModel.xcdatamodel */,
			);
			currentVersion = 848E05E12C69AF060009C9F9 /* PokemonDataModel.xcdatamodel */;
			path = PokemonDataModel.xcdatamodeld;
			sourceTree = "<group>";
			versionGroupType = wrapper.xcdatamodel;
		};
/* End XCVersionGroup section */
	};
	rootObject = 848E05222C69AB020009C9F9 /* Project object */;
}
